
Microsoft Visual Studio Solution File, Format Version 12.00
# Visual Studio Version 17
VisualStudioVersion = 17.0.31903.59
MinimumVisualStudioVersion = 10.0.40219.1
Project("{FAE04EC0-301F-11D3-BF4B-00C04F79EFBC}") = "RevitCleanupManager", "RevitCleanupManager\RevitCleanupManager.csproj", "{8B2C1A10-4B7E-4B7B-9C1A-000000000001}"
EndProject
Global
	GlobalSection(SolutionConfigurationPlatforms) = preSolution
		Debug 2024|Any CPU = Debug 2024|Any CPU
		Debug 2025|Any CPU = Debug 2025|Any CPU
		Debug 2026|Any CPU = Debug 2026|Any CPU
		Release 2024|Any CPU = Release 2024|Any CPU
		Release 2025|Any CPU = Release 2025|Any CPU
		Release 2026|Any CPU = Release 2026|Any CPU
	EndGlobalSection
	GlobalSection(ProjectConfigurationPlatforms) = postSolution
		{8B2C1A10-4B7E-4B7B-9C1A-000000000001}.Debug 2024|Any CPU.ActiveCfg = Debug 2024|Any CPU
		{8B2C1A10-4B7E-4B7B-9C1A-000000000001}.Debug 2024|Any CPU.Build.0 = Debug 2024|Any CPU
		{8B2C1A10-4B7E-4B7B-9C1A-000000000001}.Debug 2025|Any CPU.ActiveCfg = Debug 2025|Any CPU
		{8B2C1A10-4B7E-4B7B-9C1A-000000000001}.Debug 2025|Any CPU.Build.0 = Debug 2025|Any CPU
		{8B2C1A10-4B7E-4B7B-9C1A-000000000001}.Debug 2026|Any CPU.ActiveCfg = Debug 2026|Any CPU
		{8B2C1A10-4B7E-4B7B-9C1A-000000000001}.Debug 2026|Any CPU.Build.0 = Debug 2026|Any CPU
		{8B2C1A10-4B7E-4B7B-9C1A-000000000001}.Release 2024|Any CPU.ActiveCfg = Release 2024|Any CPU
		{8B2C1A10-4B7E-4B7B-9C1A-000000000001}.Release 2024|Any CPU.Build.0 = Release 2024|Any CPU
		{8B2C1A10-4B7E-4B7B-9C1A-000000000001}.Release 2025|Any CPU.ActiveCfg = Release 2025|Any CPU
		{8B2C1A10-4B7E-4B7B-9C1A-000000000001}.Release 2025|Any CPU.Build.0 = Release 2025|Any CPU
		{8B2C1A10-4B7E-4B7B-9C1A-000000000001}.Release 2026|Any CPU.ActiveCfg = Release 2026|Any CPU
		{8B2C1A10-4B7E-4B7B-9C1A-000000000001}.Release 2026|Any CPU.Build.0 = Release 2026|Any CPU
	EndGlobalSection
EndGlobal
